
Microsoft Visual Studio Solution File, Format Version 12.00
# Visual Studio 15
VisualStudioVersion = 15.0.28307.329
MinimumVisualStudioVersion = 10.0.40219.1
Project("{9A19103F-16F7-4668-BE54-9A1E7A4F7556}") = "POC_DesignPatterns", "POC_DesignPatterns\POC_DesignPatterns.csproj", "{731324FB-06E3-44F5-B4A0-EB60DE453763}"
EndProject
Project("{2150E333-8FDC-42A3-9474-1A3956D46DE8}") = "1.Creational", "1.Creational", "{9F69C7F2-B79A-4E4F-AA4F-D193D840F570}"
EndProject
Project("{2150E333-8FDC-42A3-9474-1A3956D46DE8}") = "2.Structural", "2.Structural", "{F0D280C9-10CB-44AE-913B-D93EF0BDD9CC}"
EndProject
Project("{2150E333-8FDC-42A3-9474-1A3956D46DE8}") = "3.Behavioral", "3.Behavioral", "{75B465F8-1E22-4A04-89AA-BA2C177644DF}"
EndProject
Project("{9A19103F-16F7-4668-BE54-9A1E7A4F7556}") = "POC_DesignPatterns.1_AbstractFactory", "1_Creational\POC_DesignPatterns.1_AbstractFactory\POC_DesignPatterns.1_AbstractFactory.csproj", "{EC6BB077-E353-41F3-9925-72B1EC5493F5}"
EndProject
Project("{9A19103F-16F7-4668-BE54-9A1E7A4F7556}") = "POC_DesignPatterns.2_Builder", "1_Creational\POC_DesignPatterns.2_Builder\POC_DesignPatterns.2_Builder.csproj", "{07B138A5-62DE-4980-BC7E-82FDFCFFD20C}"
EndProject
Project("{9A19103F-16F7-4668-BE54-9A1E7A4F7556}") = "POC_DesignPatterns.3_FactoryMethod", "1_Creational\POC_DesignPatterns.3_FactoryMethod\POC_DesignPatterns.3_FactoryMethod.csproj", "{6F7A123E-1FFD-49E6-89A9-89B9770A6B41}"
EndProject
Project("{9A19103F-16F7-4668-BE54-9A1E7A4F7556}") = "POC_DesignPatterns.4_Prototype", "1_Creational\POC_DesignPatterns.4_Prototype\POC_DesignPatterns.4_Prototype.csproj", "{D11DB83D-F308-4FF7-BA44-2E0AA4680E8E}"
EndProject
Project("{9A19103F-16F7-4668-BE54-9A1E7A4F7556}") = "POC_DesignPatterns.5_Singleton", "1_Creational\POC_DesignPatterns.5_Singleton\POC_DesignPatterns.5_Singleton.csproj", "{3EB46201-FCFE-4E15-A4A5-0F730A360FEE}"
EndProject
Project("{9A19103F-16F7-4668-BE54-9A1E7A4F7556}") = "POC_DesignPatterns.1_Adapter", "2_Structural\POC_DesignPatterns.1_Adapter\POC_DesignPatterns.1_Adapter.csproj", "{C9325FF6-96CF-4178-AD41-0FDFB72DD7D0}"
EndProject
Project("{9A19103F-16F7-4668-BE54-9A1E7A4F7556}") = "POC_DesignPatterns.2_Bridge", "2_Structural\POC_DesignPatterns.2_Bridge\POC_DesignPatterns.2_Bridge.csproj", "{534936A6-DD82-4CFA-AB7D-5A3BA556272B}"
EndProject
Project("{9A19103F-16F7-4668-BE54-9A1E7A4F7556}") = "POC_DesignPatterns.3_Composite", "2_Structural\POC_DesignPatterns.3_Composite\POC_DesignPatterns.3_Composite.csproj", "{8CF51938-D5C9-4045-970C-62B65B4E1C20}"
EndProject
Project("{9A19103F-16F7-4668-BE54-9A1E7A4F7556}") = "POC_DesignPatterns.4_Decorator", "2_Structural\POC_DesignPatterns.4_Decorator\POC_DesignPatterns.4_Decorator.csproj", "{BDFAB263-CF0C-4096-B656-B7B03933AC22}"
EndProject
Project("{9A19103F-16F7-4668-BE54-9A1E7A4F7556}") = "POC_DesignPatterns.5_Facade", "2_Structural\POC_DesignPatterns.5_Facade\POC_DesignPatterns.5_Facade.csproj", "{AEBA8BC0-01AE-4E93-BB12-1F40C179C96D}"
EndProject
Project("{9A19103F-16F7-4668-BE54-9A1E7A4F7556}") = "POC_DesignPatterns.6_Flyweight", "2_Structural\POC_DesignPatterns.6_Flyweight\POC_DesignPatterns.6_Flyweight.csproj", "{8679B185-96CD-4651-BBA3-FDFC166E5ECE}"
EndProject
Project("{9A19103F-16F7-4668-BE54-9A1E7A4F7556}") = "POC_DesignPatterns.7_Proxy", "2_Structural\POC_DesignPatterns.7_Proxy\POC_DesignPatterns.7_Proxy.csproj", "{842ADE5F-132A-46D6-8361-83004F3DE1F4}"
EndProject
Project("{9A19103F-16F7-4668-BE54-9A1E7A4F7556}") = "POC_DesignPatterns.1_ChainOfResponsability", "3_Behavioral\POC_DesignPatterns.1_ChainOfResponsability\POC_DesignPatterns.1_ChainOfResponsability.csproj", "{EDD5EAC1-8E21-40D7-8FA1-4E6B9061F76C}"
EndProject
Project("{9A19103F-16F7-4668-BE54-9A1E7A4F7556}") = "POC_DesignPatterns.2_Command", "3_Behavioral\POC_DesignPatterns.2_Command\POC_DesignPatterns.2_Command.csproj", "{DD9B57E1-346C-459D-8A3E-8DB06093A753}"
EndProject
Project("{9A19103F-16F7-4668-BE54-9A1E7A4F7556}") = "POC_DesignPatterns.3_Interpreter", "3_Behavioral\POC_DesignPatterns.3_Interpreter\POC_DesignPatterns.3_Interpreter.csproj", "{1E5DAE62-2E58-444F-8A67-37516F3F828E}"
EndProject
Project("{9A19103F-16F7-4668-BE54-9A1E7A4F7556}") = "POC_DesignPatterns.4_Iterator", "3_Behavioral\POC_DesignPatterns.4_Iterator\POC_DesignPatterns.4_Iterator.csproj", "{B0EA898F-C3E8-4A22-A271-A429BAC5A4F5}"
EndProject
Project("{9A19103F-16F7-4668-BE54-9A1E7A4F7556}") = "POC_DesignPatterns.5_Mediator", "3_Behavioral\POC_DesignPatterns.5_Mediator\POC_DesignPatterns.5_Mediator.csproj", "{7C92842A-6B87-4262-847A-90227A6B0E94}"
EndProject
Project("{9A19103F-16F7-4668-BE54-9A1E7A4F7556}") = "POC_DesignPatterns.6_Memento", "3_Behavioral\POC_DesignPatterns.6_Memento\POC_DesignPatterns.6_Memento.csproj", "{3EEF559E-9E68-4806-9992-1B2EF0369806}"
EndProject
Project("{9A19103F-16F7-4668-BE54-9A1E7A4F7556}") = "POC_DesignPatterns.7_Observer", "3_Behavioral\POC_DesignPatterns.7_Observer\POC_DesignPatterns.7_Observer.csproj", "{7368E5A1-AF4A-4C2A-BB27-CEAC81F4CF4B}"
EndProject
Project("{9A19103F-16F7-4668-BE54-9A1E7A4F7556}") = "POC_DesignPatterns.8_State", "3_Behavioral\POC_DesignPatterns.8_State\POC_DesignPatterns.8_State.csproj", "{2DBEC427-FA4E-42B1-9023-CDE25B193AF3}"
EndProject
Project("{FAE04EC0-301F-11D3-BF4B-00C04F79EFBC}") = "POC_DesignPatterns.9_Strategy", "3_Behavioral\POC_DesignPatterns.9_Strategy\POC_DesignPatterns.9_Strategy.csproj", "{71137564-DF4D-49A6-A9FC-3FD4A43ABC14}"
EndProject
Project("{FAE04EC0-301F-11D3-BF4B-00C04F79EFBC}") = "POC_DesignPatterns.10_TemplateMethod", "3_Behavioral\POC_DesignPatterns.10_TemplateMethod\POC_DesignPatterns.10_TemplateMethod.csproj", "{3ABAABED-95FD-4F43-BE97-762EC3596CA6}"
EndProject
Project("{FAE04EC0-301F-11D3-BF4B-00C04F79EFBC}") = "POC_DesignPatterns.11_Visitor", "3_Behavioral\POC_DesignPatterns.11_Visitor\POC_DesignPatterns.11_Visitor.csproj", "{12F4439D-30AF-49DC-BA03-DD6B509F1F2B}"
EndProject
Global
	GlobalSection(SolutionConfigurationPlatforms) = preSolution
		Debug|Any CPU = Debug|Any CPU
		Release|Any CPU = Release|Any CPU
	EndGlobalSection
	GlobalSection(ProjectConfigurationPlatforms) = postSolution
		{731324FB-06E3-44F5-B4A0-EB60DE453763}.Debug|Any CPU.ActiveCfg = Debug|Any CPU
		{731324FB-06E3-44F5-B4A0-EB60DE453763}.Debug|Any CPU.Build.0 = Debug|Any CPU
		{731324FB-06E3-44F5-B4A0-EB60DE453763}.Release|Any CPU.ActiveCfg = Release|Any CPU
		{731324FB-06E3-44F5-B4A0-EB60DE453763}.Release|Any CPU.Build.0 = Release|Any CPU
		{EC6BB077-E353-41F3-9925-72B1EC5493F5}.Debug|Any CPU.ActiveCfg = Debug|Any CPU
		{EC6BB077-E353-41F3-9925-72B1EC5493F5}.Debug|Any CPU.Build.0 = Debug|Any CPU
		{EC6BB077-E353-41F3-9925-72B1EC5493F5}.Release|Any CPU.ActiveCfg = Release|Any CPU
		{EC6BB077-E353-41F3-9925-72B1EC5493F5}.Release|Any CPU.Build.0 = Release|Any CPU
		{07B138A5-62DE-4980-BC7E-82FDFCFFD20C}.Debug|Any CPU.ActiveCfg = Debug|Any CPU
		{07B138A5-62DE-4980-BC7E-82FDFCFFD20C}.Debug|Any CPU.Build.0 = Debug|Any CPU
		{07B138A5-62DE-4980-BC7E-82FDFCFFD20C}.Release|Any CPU.ActiveCfg = Release|Any CPU
		{07B138A5-62DE-4980-BC7E-82FDFCFFD20C}.Release|Any CPU.Build.0 = Release|Any CPU
		{6F7A123E-1FFD-49E6-89A9-89B9770A6B41}.Debug|Any CPU.ActiveCfg = Debug|Any CPU
		{6F7A123E-1FFD-49E6-89A9-89B9770A6B41}.Debug|Any CPU.Build.0 = Debug|Any CPU
		{6F7A123E-1FFD-49E6-89A9-89B9770A6B41}.Release|Any CPU.ActiveCfg = Release|Any CPU
		{6F7A123E-1FFD-49E6-89A9-89B9770A6B41}.Release|Any CPU.Build.0 = Release|Any CPU
		{D11DB83D-F308-4FF7-BA44-2E0AA4680E8E}.Debug|Any CPU.ActiveCfg = Debug|Any CPU
		{D11DB83D-F308-4FF7-BA44-2E0AA4680E8E}.Debug|Any CPU.Build.0 = Debug|Any CPU
		{D11DB83D-F308-4FF7-BA44-2E0AA4680E8E}.Release|Any CPU.ActiveCfg = Release|Any CPU
		{D11DB83D-F308-4FF7-BA44-2E0AA4680E8E}.Release|Any CPU.Build.0 = Release|Any CPU
		{3EB46201-FCFE-4E15-A4A5-0F730A360FEE}.Debug|Any CPU.ActiveCfg = Debug|Any CPU
		{3EB46201-FCFE-4E15-A4A5-0F730A360FEE}.Debug|Any CPU.Build.0 = Debug|Any CPU
		{3EB46201-FCFE-4E15-A4A5-0F730A360FEE}.Release|Any CPU.ActiveCfg = Release|Any CPU
		{3EB46201-FCFE-4E15-A4A5-0F730A360FEE}.Release|Any CPU.Build.0 = Release|Any CPU
		{C9325FF6-96CF-4178-AD41-0FDFB72DD7D0}.Debug|Any CPU.ActiveCfg = Debug|Any CPU
		{C9325FF6-96CF-4178-AD41-0FDFB72DD7D0}.Debug|Any CPU.Build.0 = Debug|Any CPU
		{C9325FF6-96CF-4178-AD41-0FDFB72DD7D0}.Release|Any CPU.ActiveCfg = Release|Any CPU
		{C9325FF6-96CF-4178-AD41-0FDFB72DD7D0}.Release|Any CPU.Build.0 = Release|Any CPU
		{534936A6-DD82-4CFA-AB7D-5A3BA556272B}.Debug|Any CPU.ActiveCfg = Debug|Any CPU
		{534936A6-DD82-4CFA-AB7D-5A3BA556272B}.Debug|Any CPU.Build.0 = Debug|Any CPU
		{534936A6-DD82-4CFA-AB7D-5A3BA556272B}.Release|Any CPU.ActiveCfg = Release|Any CPU
		{534936A6-DD82-4CFA-AB7D-5A3BA556272B}.Release|Any CPU.Build.0 = Release|Any CPU
		{8CF51938-D5C9-4045-970C-62B65B4E1C20}.Debug|Any CPU.ActiveCfg = Debug|Any CPU
		{8CF51938-D5C9-4045-970C-62B65B4E1C20}.Debug|Any CPU.Build.0 = Debug|Any CPU
		{8CF51938-D5C9-4045-970C-62B65B4E1C20}.Release|Any CPU.ActiveCfg = Release|Any CPU
		{8CF51938-D5C9-4045-970C-62B65B4E1C20}.Release|Any CPU.Build.0 = Release|Any CPU
		{BDFAB263-CF0C-4096-B656-B7B03933AC22}.Debug|Any CPU.ActiveCfg = Debug|Any CPU
		{BDFAB263-CF0C-4096-B656-B7B03933AC22}.Debug|Any CPU.Build.0 = Debug|Any CPU
		{BDFAB263-CF0C-4096-B656-B7B03933AC22}.Release|Any CPU.ActiveCfg = Release|Any CPU
		{BDFAB263-CF0C-4096-B656-B7B03933AC22}.Release|Any CPU.Build.0 = Release|Any CPU
		{AEBA8BC0-01AE-4E93-BB12-1F40C179C96D}.Debug|Any CPU.ActiveCfg = Debug|Any CPU
		{AEBA8BC0-01AE-4E93-BB12-1F40C179C96D}.Debug|Any CPU.Build.0 = Debug|Any CPU
		{AEBA8BC0-01AE-4E93-BB12-1F40C179C96D}.Release|Any CPU.ActiveCfg = Release|Any CPU
		{AEBA8BC0-01AE-4E93-BB12-1F40C179C96D}.Release|Any CPU.Build.0 = Release|Any CPU
		{8679B185-96CD-4651-BBA3-FDFC166E5ECE}.Debug|Any CPU.ActiveCfg = Debug|Any CPU
		{8679B185-96CD-4651-BBA3-FDFC166E5ECE}.Debug|Any CPU.Build.0 = Debug|Any CPU
		{8679B185-96CD-4651-BBA3-FDFC166E5ECE}.Release|Any CPU.ActiveCfg = Release|Any CPU
		{8679B185-96CD-4651-BBA3-FDFC166E5ECE}.Release|Any CPU.Build.0 = Release|Any CPU
		{842ADE5F-132A-46D6-8361-83004F3DE1F4}.Debug|Any CPU.ActiveCfg = Debug|Any CPU
		{842ADE5F-132A-46D6-8361-83004F3DE1F4}.Debug|Any CPU.Build.0 = Debug|Any CPU
		{842ADE5F-132A-46D6-8361-83004F3DE1F4}.Release|Any CPU.ActiveCfg = Release|Any CPU
		{842ADE5F-132A-46D6-8361-83004F3DE1F4}.Release|Any CPU.Build.0 = Release|Any CPU
		{EDD5EAC1-8E21-40D7-8FA1-4E6B9061F76C}.Debug|Any CPU.ActiveCfg = Debug|Any CPU
		{EDD5EAC1-8E21-40D7-8FA1-4E6B9061F76C}.Debug|Any CPU.Build.0 = Debug|Any CPU
		{EDD5EAC1-8E21-40D7-8FA1-4E6B9061F76C}.Release|Any CPU.ActiveCfg = Release|Any CPU
		{EDD5EAC1-8E21-40D7-8FA1-4E6B9061F76C}.Release|Any CPU.Build.0 = Release|Any CPU
		{DD9B57E1-346C-459D-8A3E-8DB06093A753}.Debug|Any CPU.ActiveCfg = Debug|Any CPU
		{DD9B57E1-346C-459D-8A3E-8DB06093A753}.Debug|Any CPU.Build.0 = Debug|Any CPU
		{DD9B57E1-346C-459D-8A3E-8DB06093A753}.Release|Any CPU.ActiveCfg = Release|Any CPU
		{DD9B57E1-346C-459D-8A3E-8DB06093A753}.Release|Any CPU.Build.0 = Release|Any CPU
		{1E5DAE62-2E58-444F-8A67-37516F3F828E}.Debug|Any CPU.ActiveCfg = Debug|Any CPU
		{1E5DAE62-2E58-444F-8A67-37516F3F828E}.Debug|Any CPU.Build.0 = Debug|Any CPU
		{1E5DAE62-2E58-444F-8A67-37516F3F828E}.Release|Any CPU.ActiveCfg = Release|Any CPU
		{1E5DAE62-2E58-444F-8A67-37516F3F828E}.Release|Any CPU.Build.0 = Release|Any CPU
		{B0EA898F-C3E8-4A22-A271-A429BAC5A4F5}.Debug|Any CPU.ActiveCfg = Debug|Any CPU
		{B0EA898F-C3E8-4A22-A271-A429BAC5A4F5}.Debug|Any CPU.Build.0 = Debug|Any CPU
		{B0EA898F-C3E8-4A22-A271-A429BAC5A4F5}.Release|Any CPU.ActiveCfg = Release|Any CPU
		{B0EA898F-C3E8-4A22-A271-A429BAC5A4F5}.Release|Any CPU.Build.0 = Release|Any CPU
		{7C92842A-6B87-4262-847A-90227A6B0E94}.Debug|Any CPU.ActiveCfg = Debug|Any CPU
		{7C92842A-6B87-4262-847A-90227A6B0E94}.Debug|Any CPU.Build.0 = Debug|Any CPU
		{7C92842A-6B87-4262-847A-90227A6B0E94}.Release|Any CPU.ActiveCfg = Release|Any CPU
		{7C92842A-6B87-4262-847A-90227A6B0E94}.Release|Any CPU.Build.0 = Release|Any CPU
		{3EEF559E-9E68-4806-9992-1B2EF0369806}.Debug|Any CPU.ActiveCfg = Debug|Any CPU
		{3EEF559E-9E68-4806-9992-1B2EF0369806}.Debug|Any CPU.Build.0 = Debug|Any CPU
		{3EEF559E-9E68-4806-9992-1B2EF0369806}.Release|Any CPU.ActiveCfg = Release|Any CPU
		{3EEF559E-9E68-4806-9992-1B2EF0369806}.Release|Any CPU.Build.0 = Release|Any CPU
		{7368E5A1-AF4A-4C2A-BB27-CEAC81F4CF4B}.Debug|Any CPU.ActiveCfg = Debug|Any CPU
		{7368E5A1-AF4A-4C2A-BB27-CEAC81F4CF4B}.Debug|Any CPU.Build.0 = Debug|Any CPU
		{7368E5A1-AF4A-4C2A-BB27-CEAC81F4CF4B}.Release|Any CPU.ActiveCfg = Release|Any CPU
		{7368E5A1-AF4A-4C2A-BB27-CEAC81F4CF4B}.Release|Any CPU.Build.0 = Release|Any CPU
		{2DBEC427-FA4E-42B1-9023-CDE25B193AF3}.Debug|Any CPU.ActiveCfg = Debug|Any CPU
		{2DBEC427-FA4E-42B1-9023-CDE25B193AF3}.Debug|Any CPU.Build.0 = Debug|Any CPU
		{2DBEC427-FA4E-42B1-9023-CDE25B193AF3}.Release|Any CPU.ActiveCfg = Release|Any CPU
		{2DBEC427-FA4E-42B1-9023-CDE25B193AF3}.Release|Any CPU.Build.0 = Release|Any CPU
		{71137564-DF4D-49A6-A9FC-3FD4A43ABC14}.Debug|Any CPU.ActiveCfg = Debug|Any CPU
		{71137564-DF4D-49A6-A9FC-3FD4A43ABC14}.Debug|Any CPU.Build.0 = Debug|Any CPU
		{71137564-DF4D-49A6-A9FC-3FD4A43ABC14}.Release|Any CPU.ActiveCfg = Release|Any CPU
		{71137564-DF4D-49A6-A9FC-3FD4A43ABC14}.Release|Any CPU.Build.0 = Release|Any CPU
		{3ABAABED-95FD-4F43-BE97-762EC3596CA6}.Debug|Any CPU.ActiveCfg = Debug|Any CPU
		{3ABAABED-95FD-4F43-BE97-762EC3596CA6}.Debug|Any CPU.Build.0 = Debug|Any CPU
		{3ABAABED-95FD-4F43-BE97-762EC3596CA6}.Release|Any CPU.ActiveCfg = Release|Any CPU
		{3ABAABED-95FD-4F43-BE97-762EC3596CA6}.Release|Any CPU.Build.0 = Release|Any CPU
		{12F4439D-30AF-49DC-BA03-DD6B509F1F2B}.Debug|Any CPU.ActiveCfg = Debug|Any CPU
		{12F4439D-30AF-49DC-BA03-DD6B509F1F2B}.Debug|Any CPU.Build.0 = Debug|Any CPU
		{12F4439D-30AF-49DC-BA03-DD6B509F1F2B}.Release|Any CPU.ActiveCfg = Release|Any CPU
		{12F4439D-30AF-49DC-BA03-DD6B509F1F2B}.Release|Any CPU.Build.0 = Release|Any CPU
	EndGlobalSection
	GlobalSection(SolutionProperties) = preSolution
		HideSolutionNode = FALSE
	EndGlobalSection
	GlobalSection(NestedProjects) = preSolution
		{EC6BB077-E353-41F3-9925-72B1EC5493F5} = {9F69C7F2-B79A-4E4F-AA4F-D193D840F570}
		{07B138A5-62DE-4980-BC7E-82FDFCFFD20C} = {9F69C7F2-B79A-4E4F-AA4F-D193D840F570}
		{6F7A123E-1FFD-49E6-89A9-89B9770A6B41} = {9F69C7F2-B79A-4E4F-AA4F-D193D840F570}
		{D11DB83D-F308-4FF7-BA44-2E0AA4680E8E} = {9F69C7F2-B79A-4E4F-AA4F-D193D840F570}
		{3EB46201-FCFE-4E15-A4A5-0F730A360FEE} = {9F69C7F2-B79A-4E4F-AA4F-D193D840F570}
		{C9325FF6-96CF-4178-AD41-0FDFB72DD7D0} = {F0D280C9-10CB-44AE-913B-D93EF0BDD9CC}
		{534936A6-DD82-4CFA-AB7D-5A3BA556272B} = {F0D280C9-10CB-44AE-913B-D93EF0BDD9CC}
		{8CF51938-D5C9-4045-970C-62B65B4E1C20} = {F0D280C9-10CB-44AE-913B-D93EF0BDD9CC}
		{BDFAB263-CF0C-4096-B656-B7B03933AC22} = {F0D280C9-10CB-44AE-913B-D93EF0BDD9CC}
		{AEBA8BC0-01AE-4E93-BB12-1F40C179C96D} = {F0D280C9-10CB-44AE-913B-D93EF0BDD9CC}
		{8679B185-96CD-4651-BBA3-FDFC166E5ECE} = {F0D280C9-10CB-44AE-913B-D93EF0BDD9CC}
		{842ADE5F-132A-46D6-8361-83004F3DE1F4} = {F0D280C9-10CB-44AE-913B-D93EF0BDD9CC}
		{EDD5EAC1-8E21-40D7-8FA1-4E6B9061F76C} = {75B465F8-1E22-4A04-89AA-BA2C177644DF}
		{DD9B57E1-346C-459D-8A3E-8DB06093A753} = {75B465F8-1E22-4A04-89AA-BA2C177644DF}
		{1E5DAE62-2E58-444F-8A67-37516F3F828E} = {75B465F8-1E22-4A04-89AA-BA2C177644DF}
		{B0EA898F-C3E8-4A22-A271-A429BAC5A4F5} = {75B465F8-1E22-4A04-89AA-BA2C177644DF}
		{7C92842A-6B87-4262-847A-90227A6B0E94} = {75B465F8-1E22-4A04-89AA-BA2C177644DF}
		{3EEF559E-9E68-4806-9992-1B2EF0369806} = {75B465F8-1E22-4A04-89AA-BA2C177644DF}
		{7368E5A1-AF4A-4C2A-BB27-CEAC81F4CF4B} = {75B465F8-1E22-4A04-89AA-BA2C177644DF}
		{2DBEC427-FA4E-42B1-9023-CDE25B193AF3} = {75B465F8-1E22-4A04-89AA-BA2C177644DF}
		{71137564-DF4D-49A6-A9FC-3FD4A43ABC14} = {75B465F8-1E22-4A04-89AA-BA2C177644DF}
		{3ABAABED-95FD-4F43-BE97-762EC3596CA6} = {75B465F8-1E22-4A04-89AA-BA2C177644DF}
		{12F4439D-30AF-49DC-BA03-DD6B509F1F2B} = {75B465F8-1E22-4A04-89AA-BA2C177644DF}
	EndGlobalSection
	GlobalSection(ExtensibilityGlobals) = postSolution
		SolutionGuid = {930A89FF-0EB0-428A-95C8-219A39035918}
	EndGlobalSection
EndGlobal
